
Microsoft Visual Studio Solution File, Format Version 12.00
# Visual Studio Version 17
VisualStudioVersion = 17.7.34003.232
MinimumVisualStudioVersion = 10.0.40219.1
Project("{FAE04EC0-301F-11D3-BF4B-00C04F79EFBC}") = "DSA in CS", "DSA in CS\DSA in CS.csproj", "{DF49C347-1FAD-4451-8C95-03C8BCFE91D9}"
EndProject
Global
	GlobalSection(SolutionConfigurationPlatforms) = preSolution
		Debug|Any CPU = Debug|Any CPU
		Release|Any CPU = Release|Any CPU
	EndGlobalSection
	GlobalSection(ProjectConfigurationPlatforms) = postSolution
		{DF49C347-1FAD-4451-8C95-03C8BCFE91D9}.Debug|Any CPU.ActiveCfg = Debug|Any CPU
		{DF49C347-1FAD-4451-8C95-03C8BCFE91D9}.Debug|Any CPU.Build.0 = Debug|Any CPU
		{DF49C347-1FAD-4451-8C95-03C8BCFE91D9}.Release|Any CPU.ActiveCfg = Release|Any CPU
		{DF49C347-1FAD-4451-8C95-03C8BCFE91D9}.Release|Any CPU.Build.0 = Release|Any CPU
	EndGlobalSection
	GlobalSection(SolutionProperties) = preSolution
		HideSolutionNode = FALSE
	EndGlobalSection
	GlobalSection(ExtensibilityGlobals) = postSolution
		SolutionGuid = {96444824-987E-4491-B9AC-F58529D9744E}
	EndGlobalSection
EndGlobal
